
Microsoft Visual Studio Solution File, Format Version 12.00
# Visual Studio Express 2012 for Windows Desktop
Project("{FAE04EC0-301F-11D3-BF4B-00C04F79EFBC}") = "PD2_script_data", "PD2_script_data\PD2_script_data.csproj", "{9CCBABCE-A945-4551-8361-83CBBD29BA74}"
	ProjectSection(ProjectDependencies) = postProject
		{529299AF-B1CD-4C5F-AA1A-0CABFAF83BDA} = {529299AF-B1CD-4C5F-AA1A-0CABFAF83BDA}
	EndProjectSection
EndProject
Project("{FAE04EC0-301F-11D3-BF4B-00C04F79EFBC}") = "DieselScriptData", "DieselScriptData\DieselScriptData.csproj", "{529299AF-B1CD-4C5F-AA1A-0CABFAF83BDA}"
EndProject
Global
	GlobalSection(SolutionConfigurationPlatforms) = preSolution
		Debug|Any CPU = Debug|Any CPU
		Release|Any CPU = Release|Any CPU
	EndGlobalSection
	GlobalSection(ProjectConfigurationPlatforms) = postSolution
		{9CCBABCE-A945-4551-8361-83CBBD29BA74}.Debug|Any CPU.ActiveCfg = Debug|Any CPU
		{9CCBABCE-A945-4551-8361-83CBBD29BA74}.Debug|Any CPU.Build.0 = Debug|Any CPU
		{9CCBABCE-A945-4551-8361-83CBBD29BA74}.Release|Any CPU.ActiveCfg = Release|Any CPU
		{9CCBABCE-A945-4551-8361-83CBBD29BA74}.Release|Any CPU.Build.0 = Release|Any CPU
		{529299AF-B1CD-4C5F-AA1A-0CABFAF83BDA}.Debug|Any CPU.ActiveCfg = Debug|Any CPU
		{529299AF-B1CD-4C5F-AA1A-0CABFAF83BDA}.Debug|Any CPU.Build.0 = Debug|Any CPU
		{529299AF-B1CD-4C5F-AA1A-0CABFAF83BDA}.Release|Any CPU.ActiveCfg = Release|Any CPU
		{529299AF-B1CD-4C5F-AA1A-0CABFAF83BDA}.Release|Any CPU.Build.0 = Release|Any CPU
	EndGlobalSection
	GlobalSection(SolutionProperties) = preSolution
		HideSolutionNode = FALSE
	EndGlobalSection
EndGlobal
